
Microsoft Visual Studio Solution File, Format Version 12.00
# Visual Studio Version 17
VisualStudioVersion = 17.0.31903.59
MinimumVisualStudioVersion = 10.0.40219.1
Project("{9A19103F-16F7-4668-BE54-9A1E7A4F7556}") = "SpiderWeb", "SpiderWeb\SpiderWeb.csproj", "{B93F3954-5FAE-4430-8ED2-A8376F6F12D0}"
EndProject
Project("{FAE04EC0-301F-11D3-BF4B-00C04F79EFBC}") = "SpiderBilibiliTracker", "SpiderBilibiliTracker\SpiderBilibiliTracker.csproj", "{18C5BF99-6441-471E-B31A-A8D4FF7D0DA9}"
EndProject
Project("{FAE04EC0-301F-11D3-BF4B-00C04F79EFBC}") = "SpiderCore", "SpiderCore\SpiderCore.csproj", "{BA164DE6-33E7-4DFC-999E-285EE9A6F516}"
EndProject
Project("{FAE04EC0-301F-11D3-BF4B-00C04F79EFBC}") = "SpiderService", "SpiderService\SpiderService.csproj", "{107CD95B-9568-4A95-9A11-F3E19E419975}"
EndProject
Project("{FAE04EC0-301F-11D3-BF4B-00C04F79EFBC}") = "SpiderDomain", "SpiderDomain\SpiderDomain.csproj", "{C181F169-083F-44A5-BC0D-F8F4B74A72BC}"
EndProject
Project("{9A19103F-16F7-4668-BE54-9A1E7A4F7556}") = "SpiderSinaTracker", "SpiderSinaTracker\SpiderSinaTracker.csproj", "{BDC0552C-6D80-4C32-A9E9-3C607714BDB4}"
EndProject
Project("{FAE04EC0-301F-11D3-BF4B-00C04F79EFBC}") = "SpiderServiceApp", "SpiderServiceApp\SpiderServiceApp.csproj", "{4C6A99C6-E91B-4413-AD84-F4D57F0057B8}"
EndProject
Global
	GlobalSection(SolutionConfigurationPlatforms) = preSolution
		Debug|Any CPU = Debug|Any CPU
		Debug|x64 = Debug|x64
		Release|Any CPU = Release|Any CPU
		Release|x64 = Release|x64
	EndGlobalSection
	GlobalSection(ProjectConfigurationPlatforms) = postSolution
		{B93F3954-5FAE-4430-8ED2-A8376F6F12D0}.Debug|Any CPU.ActiveCfg = Debug|Any CPU
		{B93F3954-5FAE-4430-8ED2-A8376F6F12D0}.Debug|Any CPU.Build.0 = Debug|Any CPU
		{B93F3954-5FAE-4430-8ED2-A8376F6F12D0}.Debug|x64.ActiveCfg = Debug|Any CPU
		{B93F3954-5FAE-4430-8ED2-A8376F6F12D0}.Debug|x64.Build.0 = Debug|Any CPU
		{B93F3954-5FAE-4430-8ED2-A8376F6F12D0}.Release|Any CPU.ActiveCfg = Release|Any CPU
		{B93F3954-5FAE-4430-8ED2-A8376F6F12D0}.Release|Any CPU.Build.0 = Release|Any CPU
		{B93F3954-5FAE-4430-8ED2-A8376F6F12D0}.Release|x64.ActiveCfg = Release|Any CPU
		{B93F3954-5FAE-4430-8ED2-A8376F6F12D0}.Release|x64.Build.0 = Release|Any CPU
		{18C5BF99-6441-471E-B31A-A8D4FF7D0DA9}.Debug|Any CPU.ActiveCfg = Debug|Any CPU
		{18C5BF99-6441-471E-B31A-A8D4FF7D0DA9}.Debug|Any CPU.Build.0 = Debug|Any CPU
		{18C5BF99-6441-471E-B31A-A8D4FF7D0DA9}.Debug|x64.ActiveCfg = Debug|x64
		{18C5BF99-6441-471E-B31A-A8D4FF7D0DA9}.Debug|x64.Build.0 = Debug|x64
		{18C5BF99-6441-471E-B31A-A8D4FF7D0DA9}.Release|Any CPU.ActiveCfg = Release|Any CPU
		{18C5BF99-6441-471E-B31A-A8D4FF7D0DA9}.Release|Any CPU.Build.0 = Release|Any CPU
		{18C5BF99-6441-471E-B31A-A8D4FF7D0DA9}.Release|x64.ActiveCfg = Release|x64
		{18C5BF99-6441-471E-B31A-A8D4FF7D0DA9}.Release|x64.Build.0 = Release|x64
		{BA164DE6-33E7-4DFC-999E-285EE9A6F516}.Debug|Any CPU.ActiveCfg = Debug|Any CPU
		{BA164DE6-33E7-4DFC-999E-285EE9A6F516}.Debug|Any CPU.Build.0 = Debug|Any CPU
		{BA164DE6-33E7-4DFC-999E-285EE9A6F516}.Debug|x64.ActiveCfg = Debug|Any CPU
		{BA164DE6-33E7-4DFC-999E-285EE9A6F516}.Debug|x64.Build.0 = Debug|Any CPU
		{BA164DE6-33E7-4DFC-999E-285EE9A6F516}.Release|Any CPU.ActiveCfg = Release|Any CPU
		{BA164DE6-33E7-4DFC-999E-285EE9A6F516}.Release|Any CPU.Build.0 = Release|Any CPU
		{BA164DE6-33E7-4DFC-999E-285EE9A6F516}.Release|x64.ActiveCfg = Release|Any CPU
		{BA164DE6-33E7-4DFC-999E-285EE9A6F516}.Release|x64.Build.0 = Release|Any CPU
		{107CD95B-9568-4A95-9A11-F3E19E419975}.Debug|Any CPU.ActiveCfg = Debug|Any CPU
		{107CD95B-9568-4A95-9A11-F3E19E419975}.Debug|Any CPU.Build.0 = Debug|Any CPU
		{107CD95B-9568-4A95-9A11-F3E19E419975}.Debug|x64.ActiveCfg = Debug|Any CPU
		{107CD95B-9568-4A95-9A11-F3E19E419975}.Debug|x64.Build.0 = Debug|Any CPU
		{107CD95B-9568-4A95-9A11-F3E19E419975}.Release|Any CPU.ActiveCfg = Release|Any CPU
		{107CD95B-9568-4A95-9A11-F3E19E419975}.Release|Any CPU.Build.0 = Release|Any CPU
		{107CD95B-9568-4A95-9A11-F3E19E419975}.Release|x64.ActiveCfg = Release|Any CPU
		{107CD95B-9568-4A95-9A11-F3E19E419975}.Release|x64.Build.0 = Release|Any CPU
		{C181F169-083F-44A5-BC0D-F8F4B74A72BC}.Debug|Any CPU.ActiveCfg = Debug|Any CPU
		{C181F169-083F-44A5-BC0D-F8F4B74A72BC}.Debug|Any CPU.Build.0 = Debug|Any CPU
		{C181F169-083F-44A5-BC0D-F8F4B74A72BC}.Debug|x64.ActiveCfg = Debug|Any CPU
		{C181F169-083F-44A5-BC0D-F8F4B74A72BC}.Debug|x64.Build.0 = Debug|Any CPU
		{C181F169-083F-44A5-BC0D-F8F4B74A72BC}.Release|Any CPU.ActiveCfg = Release|Any CPU
		{C181F169-083F-44A5-BC0D-F8F4B74A72BC}.Release|Any CPU.Build.0 = Release|Any CPU
		{C181F169-083F-44A5-BC0D-F8F4B74A72BC}.Release|x64.ActiveCfg = Release|Any CPU
		{C181F169-083F-44A5-BC0D-F8F4B74A72BC}.Release|x64.Build.0 = Release|Any CPU
		{BDC0552C-6D80-4C32-A9E9-3C607714BDB4}.Debug|Any CPU.ActiveCfg = Debug|Any CPU
		{BDC0552C-6D80-4C32-A9E9-3C607714BDB4}.Debug|Any CPU.Build.0 = Debug|Any CPU
		{BDC0552C-6D80-4C32-A9E9-3C607714BDB4}.Debug|x64.ActiveCfg = Debug|Any CPU
		{BDC0552C-6D80-4C32-A9E9-3C607714BDB4}.Debug|x64.Build.0 = Debug|Any CPU
		{BDC0552C-6D80-4C32-A9E9-3C607714BDB4}.Release|Any CPU.ActiveCfg = Release|Any CPU
		{BDC0552C-6D80-4C32-A9E9-3C607714BDB4}.Release|Any CPU.Build.0 = Release|Any CPU
		{BDC0552C-6D80-4C32-A9E9-3C607714BDB4}.Release|x64.ActiveCfg = Release|Any CPU
		{BDC0552C-6D80-4C32-A9E9-3C607714BDB4}.Release|x64.Build.0 = Release|Any CPU
		{4C6A99C6-E91B-4413-AD84-F4D57F0057B8}.Debug|Any CPU.ActiveCfg = Debug|Any CPU
		{4C6A99C6-E91B-4413-AD84-F4D57F0057B8}.Debug|Any CPU.Build.0 = Debug|Any CPU
		{4C6A99C6-E91B-4413-AD84-F4D57F0057B8}.Debug|x64.ActiveCfg = Debug|Any CPU
		{4C6A99C6-E91B-4413-AD84-F4D57F0057B8}.Debug|x64.Build.0 = Debug|Any CPU
		{4C6A99C6-E91B-4413-AD84-F4D57F0057B8}.Release|Any CPU.ActiveCfg = Release|Any CPU
		{4C6A99C6-E91B-4413-AD84-F4D57F0057B8}.Release|Any CPU.Build.0 = Release|Any CPU
		{4C6A99C6-E91B-4413-AD84-F4D57F0057B8}.Release|x64.ActiveCfg = Release|Any CPU
		{4C6A99C6-E91B-4413-AD84-F4D57F0057B8}.Release|x64.Build.0 = Release|Any CPU
	EndGlobalSection
	GlobalSection(SolutionProperties) = preSolution
		HideSolutionNode = FALSE
	EndGlobalSection
	GlobalSection(ExtensibilityGlobals) = postSolution
		SolutionGuid = {7F662928-8EB8-4815-89E0-2A790FCA2FA4}
	EndGlobalSection
EndGlobal
