
Microsoft Visual Studio Solution File, Format Version 12.00
# Visual Studio 15
VisualStudioVersion = 15.0.26730.15
MinimumVisualStudioVersion = 10.0.40219.1
Project("{FAE04EC0-301F-11D3-BF4B-00C04F79EFBC}") = "SpiderTracker", "SpiderTracker\SpiderTracker.csproj", "{A353030E-D9C7-4845-AA9C-CF7EED0C228B}"
EndProject
Global
	GlobalSection(SolutionConfigurationPlatforms) = preSolution
		Debug|Any CPU = Debug|Any CPU
		Release|Any CPU = Release|Any CPU
	EndGlobalSection
	GlobalSection(ProjectConfigurationPlatforms) = postSolution
		{A353030E-D9C7-4845-AA9C-CF7EED0C228B}.Debug|Any CPU.ActiveCfg = Debug|Any CPU
		{A353030E-D9C7-4845-AA9C-CF7EED0C228B}.Debug|Any CPU.Build.0 = Debug|Any CPU
		{A353030E-D9C7-4845-AA9C-CF7EED0C228B}.Release|Any CPU.ActiveCfg = Release|Any CPU
		{A353030E-D9C7-4845-AA9C-CF7EED0C228B}.Release|Any CPU.Build.0 = Release|Any CPU
	EndGlobalSection
	GlobalSection(SolutionProperties) = preSolution
		HideSolutionNode = FALSE
	EndGlobalSection
	GlobalSection(ExtensibilityGlobals) = postSolution
		SolutionGuid = {7F662928-8EB8-4815-89E0-2A790FCA2FA4}
	EndGlobalSection
EndGlobal
